
Microsoft Visual Studio Solution File, Format Version 12.00
# Visual Studio Version 17
VisualStudioVersion = 17.9.34701.34
MinimumVisualStudioVersion = 10.0.40219.1
Project("{FAE04EC0-301F-11D3-BF4B-00C04F79EFBC}") = "prjTransportFactory", "prjTransportFactory\prjTransportFactory.csproj", "{56A973D6-7BE0-4173-A610-D3BCF7B6104F}"
EndProject
Global
	GlobalSection(SolutionConfigurationPlatforms) = preSolution
		Debug|Any CPU = Debug|Any CPU
		Release|Any CPU = Release|Any CPU
	EndGlobalSection
	GlobalSection(ProjectConfigurationPlatforms) = postSolution
		{56A973D6-7BE0-4173-A610-D3BCF7B6104F}.Debug|Any CPU.ActiveCfg = Debug|Any CPU
		{56A973D6-7BE0-4173-A610-D3BCF7B6104F}.Debug|Any CPU.Build.0 = Debug|Any CPU
		{56A973D6-7BE0-4173-A610-D3BCF7B6104F}.Release|Any CPU.ActiveCfg = Release|Any CPU
		{56A973D6-7BE0-4173-A610-D3BCF7B6104F}.Release|Any CPU.Build.0 = Release|Any CPU
	EndGlobalSection
	GlobalSection(SolutionProperties) = preSolution
		HideSolutionNode = FALSE
	EndGlobalSection
	GlobalSection(ExtensibilityGlobals) = postSolution
		SolutionGuid = {922A2CF2-2C66-4A0E-9396-1E053DAFE690}
	EndGlobalSection
EndGlobal
